
Microsoft Visual Studio Solution File, Format Version 12.00
# Visual Studio Version 17
VisualStudioVersion = 17.0.31903.59
MinimumVisualStudioVersion = 10.0.40219.1
Project("{2150E333-8FDC-42A3-9474-1A3956D46DE8}") = "src", "src", "{6C0D3EDF-57D8-4985-80FF-E9CC0BB9DED7}"
EndProject
Project("{2150E333-8FDC-42A3-9474-1A3956D46DE8}") = "TezYordam", "TezYordam", "{9373D42F-26F3-4AB5-9920-86E888A5723A}"
EndProject
Project("{2150E333-8FDC-42A3-9474-1A3956D46DE8}") = "YPX", "YPX", "{AD86D63C-7BFA-4B6F-8059-F78B353183F0}"
EndProject
Project("{2150E333-8FDC-42A3-9474-1A3956D46DE8}") = "QRCode", "QRCode", "{61FF73EF-F794-4272-AD6B-ADAB44CC59A4}"
EndProject
Project("{2150E333-8FDC-42A3-9474-1A3956D46DE8}") = "TurarJoy", "TurarJoy", "{E0178F1D-4E30-42C0-A055-3E3E07486909}"
EndProject
Project("{9A19103F-16F7-4668-BE54-9A1E7A4F7556}") = "TurarJoy.Domain", "ExamProjectMicroservice\src\TurarJoy\TurarJoy.Domain\TurarJoy.Domain.csproj", "{6EBFF362-B262-4B82-881A-5C26F6036EDC}"
EndProject
Project("{9A19103F-16F7-4668-BE54-9A1E7A4F7556}") = "TurarJoy.Infrastructure", "ExamProjectMicroservice\src\TurarJoy\TurarJoy.Infrastructure\TurarJoy.Infrastructure.csproj", "{AF9F938B-D115-4D48-88CE-B3C3DC87DB2B}"
EndProject
Project("{9A19103F-16F7-4668-BE54-9A1E7A4F7556}") = "TurarJoy.Application", "ExamProjectMicroservice\src\TurarJoy\TurarJoy.Application\TurarJoy.Application.csproj", "{490D06E6-6F40-4707-B6DC-2A140D0B9C99}"
EndProject
Project("{9A19103F-16F7-4668-BE54-9A1E7A4F7556}") = "TurarJoy.Web", "ExamProjectMicroservice\src\TurarJoy\TurarJoy.Web\TurarJoy.Web.csproj", "{1708C24C-D663-4FAC-86C9-3847E98A3E6E}"
EndProject
Project("{9A19103F-16F7-4668-BE54-9A1E7A4F7556}") = "TezYordam.Web", "ExamProjectMicroservice\src\TezYordam\TezYordam.Web\TezYordam.Web.csproj", "{7CACE79E-CC84-4501-A49C-A1B8707B72E6}"
EndProject
Project("{9A19103F-16F7-4668-BE54-9A1E7A4F7556}") = "TezYordam.Domain", "ExamProjectMicroservice\src\TezYordam\TezYordam.Domain\TezYordam.Domain.csproj", "{C279EB55-FE93-49FA-8F0E-1F210CD1D76C}"
EndProject
Project("{9A19103F-16F7-4668-BE54-9A1E7A4F7556}") = "TezYordam.Infrastructure", "ExamProjectMicroservice\src\TezYordam\TezYordam.Infrastructure\TezYordam.Infrastructure.csproj", "{6F61F1AB-E1E7-4A8F-9185-021F76298868}"
EndProject
Project("{9A19103F-16F7-4668-BE54-9A1E7A4F7556}") = "TezYordam.Application", "ExamProjectMicroservice\src\TezYordam\TezYordam.Application\TezYordam.Application.csproj", "{F5F3C573-F5D1-45A3-A4D4-DB1B6407B5E7}"
EndProject
Project("{E53339B2-1760-4266-BCC7-CA923CBCF16C}") = "docker-compose", "docker-compose.dcproj", "{B3F2CD18-82AC-40C1-B109-6B2101B86715}"
EndProject
Project("{2150E333-8FDC-42A3-9474-1A3956D46DE8}") = "Gateway", "Gateway", "{CA7A0590-FBD2-4790-B861-58D4B448BDED}"
EndProject
Project("{FAE04EC0-301F-11D3-BF4B-00C04F79EFBC}") = "API.Gateway", "ExamProjectMicroservice\src\Gateway\API.Gateway\API.Gateway.csproj", "{0DCBFC91-7B02-4DBD-AF3D-A5BDFDE20318}"
EndProject
Global
	GlobalSection(SolutionConfigurationPlatforms) = preSolution
		Debug|Any CPU = Debug|Any CPU
		Release|Any CPU = Release|Any CPU
	EndGlobalSection
	GlobalSection(ProjectConfigurationPlatforms) = postSolution
		{6EBFF362-B262-4B82-881A-5C26F6036EDC}.Debug|Any CPU.ActiveCfg = Debug|Any CPU
		{6EBFF362-B262-4B82-881A-5C26F6036EDC}.Debug|Any CPU.Build.0 = Debug|Any CPU
		{6EBFF362-B262-4B82-881A-5C26F6036EDC}.Release|Any CPU.ActiveCfg = Release|Any CPU
		{6EBFF362-B262-4B82-881A-5C26F6036EDC}.Release|Any CPU.Build.0 = Release|Any CPU
		{AF9F938B-D115-4D48-88CE-B3C3DC87DB2B}.Debug|Any CPU.ActiveCfg = Debug|Any CPU
		{AF9F938B-D115-4D48-88CE-B3C3DC87DB2B}.Debug|Any CPU.Build.0 = Debug|Any CPU
		{AF9F938B-D115-4D48-88CE-B3C3DC87DB2B}.Release|Any CPU.ActiveCfg = Release|Any CPU
		{AF9F938B-D115-4D48-88CE-B3C3DC87DB2B}.Release|Any CPU.Build.0 = Release|Any CPU
		{490D06E6-6F40-4707-B6DC-2A140D0B9C99}.Debug|Any CPU.ActiveCfg = Debug|Any CPU
		{490D06E6-6F40-4707-B6DC-2A140D0B9C99}.Debug|Any CPU.Build.0 = Debug|Any CPU
		{490D06E6-6F40-4707-B6DC-2A140D0B9C99}.Release|Any CPU.ActiveCfg = Release|Any CPU
		{490D06E6-6F40-4707-B6DC-2A140D0B9C99}.Release|Any CPU.Build.0 = Release|Any CPU
		{1708C24C-D663-4FAC-86C9-3847E98A3E6E}.Debug|Any CPU.ActiveCfg = Debug|Any CPU
		{1708C24C-D663-4FAC-86C9-3847E98A3E6E}.Debug|Any CPU.Build.0 = Debug|Any CPU
		{1708C24C-D663-4FAC-86C9-3847E98A3E6E}.Release|Any CPU.ActiveCfg = Release|Any CPU
		{1708C24C-D663-4FAC-86C9-3847E98A3E6E}.Release|Any CPU.Build.0 = Release|Any CPU
		{7CACE79E-CC84-4501-A49C-A1B8707B72E6}.Debug|Any CPU.ActiveCfg = Debug|Any CPU
		{7CACE79E-CC84-4501-A49C-A1B8707B72E6}.Debug|Any CPU.Build.0 = Debug|Any CPU
		{7CACE79E-CC84-4501-A49C-A1B8707B72E6}.Release|Any CPU.ActiveCfg = Release|Any CPU
		{7CACE79E-CC84-4501-A49C-A1B8707B72E6}.Release|Any CPU.Build.0 = Release|Any CPU
		{C279EB55-FE93-49FA-8F0E-1F210CD1D76C}.Debug|Any CPU.ActiveCfg = Debug|Any CPU
		{C279EB55-FE93-49FA-8F0E-1F210CD1D76C}.Debug|Any CPU.Build.0 = Debug|Any CPU
		{C279EB55-FE93-49FA-8F0E-1F210CD1D76C}.Release|Any CPU.ActiveCfg = Release|Any CPU
		{C279EB55-FE93-49FA-8F0E-1F210CD1D76C}.Release|Any CPU.Build.0 = Release|Any CPU
		{6F61F1AB-E1E7-4A8F-9185-021F76298868}.Debug|Any CPU.ActiveCfg = Debug|Any CPU
		{6F61F1AB-E1E7-4A8F-9185-021F76298868}.Debug|Any CPU.Build.0 = Debug|Any CPU
		{6F61F1AB-E1E7-4A8F-9185-021F76298868}.Release|Any CPU.ActiveCfg = Release|Any CPU
		{6F61F1AB-E1E7-4A8F-9185-021F76298868}.Release|Any CPU.Build.0 = Release|Any CPU
		{F5F3C573-F5D1-45A3-A4D4-DB1B6407B5E7}.Debug|Any CPU.ActiveCfg = Debug|Any CPU
		{F5F3C573-F5D1-45A3-A4D4-DB1B6407B5E7}.Debug|Any CPU.Build.0 = Debug|Any CPU
		{F5F3C573-F5D1-45A3-A4D4-DB1B6407B5E7}.Release|Any CPU.ActiveCfg = Release|Any CPU
		{F5F3C573-F5D1-45A3-A4D4-DB1B6407B5E7}.Release|Any CPU.Build.0 = Release|Any CPU
		{B3F2CD18-82AC-40C1-B109-6B2101B86715}.Debug|Any CPU.ActiveCfg = Debug|Any CPU
		{B3F2CD18-82AC-40C1-B109-6B2101B86715}.Debug|Any CPU.Build.0 = Debug|Any CPU
		{B3F2CD18-82AC-40C1-B109-6B2101B86715}.Release|Any CPU.ActiveCfg = Release|Any CPU
		{B3F2CD18-82AC-40C1-B109-6B2101B86715}.Release|Any CPU.Build.0 = Release|Any CPU
		{0DCBFC91-7B02-4DBD-AF3D-A5BDFDE20318}.Debug|Any CPU.ActiveCfg = Debug|Any CPU
		{0DCBFC91-7B02-4DBD-AF3D-A5BDFDE20318}.Debug|Any CPU.Build.0 = Debug|Any CPU
		{0DCBFC91-7B02-4DBD-AF3D-A5BDFDE20318}.Release|Any CPU.ActiveCfg = Release|Any CPU
		{0DCBFC91-7B02-4DBD-AF3D-A5BDFDE20318}.Release|Any CPU.Build.0 = Release|Any CPU
	EndGlobalSection
	GlobalSection(SolutionProperties) = preSolution
		HideSolutionNode = FALSE
	EndGlobalSection
	GlobalSection(NestedProjects) = preSolution
		{9373D42F-26F3-4AB5-9920-86E888A5723A} = {6C0D3EDF-57D8-4985-80FF-E9CC0BB9DED7}
		{AD86D63C-7BFA-4B6F-8059-F78B353183F0} = {6C0D3EDF-57D8-4985-80FF-E9CC0BB9DED7}
		{61FF73EF-F794-4272-AD6B-ADAB44CC59A4} = {6C0D3EDF-57D8-4985-80FF-E9CC0BB9DED7}
		{E0178F1D-4E30-42C0-A055-3E3E07486909} = {6C0D3EDF-57D8-4985-80FF-E9CC0BB9DED7}
		{6EBFF362-B262-4B82-881A-5C26F6036EDC} = {E0178F1D-4E30-42C0-A055-3E3E07486909}
		{AF9F938B-D115-4D48-88CE-B3C3DC87DB2B} = {E0178F1D-4E30-42C0-A055-3E3E07486909}
		{490D06E6-6F40-4707-B6DC-2A140D0B9C99} = {E0178F1D-4E30-42C0-A055-3E3E07486909}
		{1708C24C-D663-4FAC-86C9-3847E98A3E6E} = {E0178F1D-4E30-42C0-A055-3E3E07486909}
		{7CACE79E-CC84-4501-A49C-A1B8707B72E6} = {9373D42F-26F3-4AB5-9920-86E888A5723A}
		{C279EB55-FE93-49FA-8F0E-1F210CD1D76C} = {9373D42F-26F3-4AB5-9920-86E888A5723A}
		{6F61F1AB-E1E7-4A8F-9185-021F76298868} = {9373D42F-26F3-4AB5-9920-86E888A5723A}
		{F5F3C573-F5D1-45A3-A4D4-DB1B6407B5E7} = {9373D42F-26F3-4AB5-9920-86E888A5723A}
		{CA7A0590-FBD2-4790-B861-58D4B448BDED} = {6C0D3EDF-57D8-4985-80FF-E9CC0BB9DED7}
		{0DCBFC91-7B02-4DBD-AF3D-A5BDFDE20318} = {CA7A0590-FBD2-4790-B861-58D4B448BDED}
	EndGlobalSection
	GlobalSection(ExtensibilityGlobals) = postSolution
		SolutionGuid = {C18A57D4-BF70-4EE3-94DC-2A9301492093}
	EndGlobalSection
EndGlobal
